
Microsoft Visual Studio Solution File, Format Version 12.00
# Visual Studio 15
Project("{FAE04EC0-301F-11D3-BF4B-00C04F79EFBC}") = "Assembly-CSharp", "Assembly-CSharp.csproj", "{6A4CFCE5-1E99-5F0E-BB21-A8A2415FFABD}"
EndProject
Project("{FAE04EC0-301F-11D3-BF4B-00C04F79EFBC}") = "Assembly-CSharp-Editor", "Assembly-CSharp-Editor.csproj", "{811375DA-682E-8E96-DB91-401360A94A34}"
EndProject
Global
	GlobalSection(SolutionConfigurationPlatforms) = preSolution
		Debug|Any CPU = Debug|Any CPU
		Release|Any CPU = Release|Any CPU
	EndGlobalSection
	GlobalSection(ProjectConfigurationPlatforms) = postSolution
		{6A4CFCE5-1E99-5F0E-BB21-A8A2415FFABD}.Debug|Any CPU.ActiveCfg = Debug|Any CPU
		{6A4CFCE5-1E99-5F0E-BB21-A8A2415FFABD}.Debug|Any CPU.Build.0 = Debug|Any CPU
		{6A4CFCE5-1E99-5F0E-BB21-A8A2415FFABD}.Release|Any CPU.ActiveCfg = Release|Any CPU
		{6A4CFCE5-1E99-5F0E-BB21-A8A2415FFABD}.Release|Any CPU.Build.0 = Release|Any CPU
		{811375DA-682E-8E96-DB91-401360A94A34}.Debug|Any CPU.ActiveCfg = Debug|Any CPU
		{811375DA-682E-8E96-DB91-401360A94A34}.Debug|Any CPU.Build.0 = Debug|Any CPU
		{811375DA-682E-8E96-DB91-401360A94A34}.Release|Any CPU.ActiveCfg = Release|Any CPU
		{811375DA-682E-8E96-DB91-401360A94A34}.Release|Any CPU.Build.0 = Release|Any CPU
	EndGlobalSection
	GlobalSection(SolutionProperties) = preSolution
		HideSolutionNode = FALSE
	EndGlobalSection
EndGlobal
